
Microsoft Visual Studio Solution File, Format Version 12.00
# Visual Studio Version 17
VisualStudioVersion = 17.4.33122.133
MinimumVisualStudioVersion = 10.0.40219.1
Project("{FAE04EC0-301F-11D3-BF4B-00C04F79EFBC}") = "RedisPublisher", "RedisPubSub\RedisPublisher.csproj", "{F68D533C-3BBE-4491-8586-D1A65CAF0739}"
EndProject
Project("{FAE04EC0-301F-11D3-BF4B-00C04F79EFBC}") = "RedisPubSub.Core", "RedisPubSub.Core\RedisPubSub.Core.csproj", "{8519F8E5-1F4F-431D-94A2-132D4DEAE61B}"
EndProject
Project("{FAE04EC0-301F-11D3-BF4B-00C04F79EFBC}") = "RedisSubscriber", "RedisSubscriber\RedisSubscriber.csproj", "{502808B2-5254-44EA-8232-AD01E29D66FF}"
EndProject
Global
	GlobalSection(SolutionConfigurationPlatforms) = preSolution
		Debug|Any CPU = Debug|Any CPU
		Release|Any CPU = Release|Any CPU
	EndGlobalSection
	GlobalSection(ProjectConfigurationPlatforms) = postSolution
		{F68D533C-3BBE-4491-8586-D1A65CAF0739}.Debug|Any CPU.ActiveCfg = Debug|Any CPU
		{F68D533C-3BBE-4491-8586-D1A65CAF0739}.Debug|Any CPU.Build.0 = Debug|Any CPU
		{F68D533C-3BBE-4491-8586-D1A65CAF0739}.Release|Any CPU.ActiveCfg = Release|Any CPU
		{F68D533C-3BBE-4491-8586-D1A65CAF0739}.Release|Any CPU.Build.0 = Release|Any CPU
		{8519F8E5-1F4F-431D-94A2-132D4DEAE61B}.Debug|Any CPU.ActiveCfg = Debug|Any CPU
		{8519F8E5-1F4F-431D-94A2-132D4DEAE61B}.Debug|Any CPU.Build.0 = Debug|Any CPU
		{8519F8E5-1F4F-431D-94A2-132D4DEAE61B}.Release|Any CPU.ActiveCfg = Release|Any CPU
		{8519F8E5-1F4F-431D-94A2-132D4DEAE61B}.Release|Any CPU.Build.0 = Release|Any CPU
		{502808B2-5254-44EA-8232-AD01E29D66FF}.Debug|Any CPU.ActiveCfg = Debug|Any CPU
		{502808B2-5254-44EA-8232-AD01E29D66FF}.Debug|Any CPU.Build.0 = Debug|Any CPU
		{502808B2-5254-44EA-8232-AD01E29D66FF}.Release|Any CPU.ActiveCfg = Release|Any CPU
		{502808B2-5254-44EA-8232-AD01E29D66FF}.Release|Any CPU.Build.0 = Release|Any CPU
	EndGlobalSection
	GlobalSection(SolutionProperties) = preSolution
		HideSolutionNode = FALSE
	EndGlobalSection
	GlobalSection(ExtensibilityGlobals) = postSolution
		SolutionGuid = {DE9CE468-EAF6-4B82-A0F3-9F87554E84E6}
	EndGlobalSection
EndGlobal
